
Microsoft Visual Studio Solution File, Format Version 12.00
# Visual Studio Version 17
VisualStudioVersion = 17.8.34601.278
MinimumVisualStudioVersion = 10.0.40219.1
Project("{FAE04EC0-301F-11D3-BF4B-00C04F79EFBC}") = "Agent.EmulatorForBackend", "Agent.EmulatorForBackend\Agent.EmulatorForBackend.csproj", "{734FFE4C-CED9-489F-9FB7-40DAFE1CCCD9}"
EndProject
Global
	GlobalSection(SolutionConfigurationPlatforms) = preSolution
		Debug|Any CPU = Debug|Any CPU
		Release|Any CPU = Release|Any CPU
	EndGlobalSection
	GlobalSection(ProjectConfigurationPlatforms) = postSolution
		{734FFE4C-CED9-489F-9FB7-40DAFE1CCCD9}.Debug|Any CPU.ActiveCfg = Debug|Any CPU
		{734FFE4C-CED9-489F-9FB7-40DAFE1CCCD9}.Debug|Any CPU.Build.0 = Debug|Any CPU
		{734FFE4C-CED9-489F-9FB7-40DAFE1CCCD9}.Release|Any CPU.ActiveCfg = Release|Any CPU
		{734FFE4C-CED9-489F-9FB7-40DAFE1CCCD9}.Release|Any CPU.Build.0 = Release|Any CPU
	EndGlobalSection
	GlobalSection(SolutionProperties) = preSolution
		HideSolutionNode = FALSE
	EndGlobalSection
	GlobalSection(ExtensibilityGlobals) = postSolution
		SolutionGuid = {41FB431E-6593-4A1D-93C7-33F755C70109}
	EndGlobalSection
EndGlobal
